<?xml version="1.0" encoding="UTF-8"?>
<Scheme
   LastUpgradeVersion = "1330"
   version = "1.7">
   <BuildAction
      parallelizeBuildables = "YES"
      buildImplicitDependencies = "YES">
      <BuildActionEntries>
         <BuildActionEntry
            buildForTesting = "YES"
            buildForRunning = "YES"
            buildForProfiling = "YES"
            buildForArchiving = "YES"
            buildForAnalyzing = "YES">
            <BuildableReference
               BuildableIdentifier = "primary"
               BlueprintIdentifier = "2F039DA12861E9CA005F9E22"
               BuildableName = "TestLocalisationProject.app"
               BlueprintName = "TestLocalisationProject"
               ReferencedContainer = "container:TestLocalisationProject.xcodeproj">
            </BuildableReference>
         </BuildActionEntry>
      </BuildActionEntries>
   </BuildAction>
   <TestAction
      buildConfiguration = "Debug"
      selectedDebuggerIdentifier = "Xcode.DebuggerFoundation.Debugger.LLDB"
      selectedLauncherIdentifier = "Xcode.DebuggerFoundation.Launcher.LLDB"
      shouldUseLaunchSchemeArgsEnv = "YES">
      <TestPlans>
         <TestPlanReference
            reference = "container:TestLocalisationProject/TestPlans/AllTestsPlan.xctestplan"
            default = "YES">
         </TestPlanReference>
         <TestPlanReference
            reference = "container:TestLocalisationProject/TestPlans/UnitTestsPlan.xctestplan">
         </TestPlanReference>
         <TestPlanReference
            reference = "container:TestLocalisationProject/TestPlans/UITestsPlan.xctestplan">
         </TestPlanReference>
         <TestPlanReference
            reference = "container:TestLocalisationProject/TestPlans/English.xctestplan">
         </TestPlanReference>
         <TestPlanReference
            reference = "container:TestLocalisationProject/TestPlans/Ukrainian.xctestplan">
         </TestPlanReference>
         <TestPlanReference
            reference = "container:TestLocalisationProject/TestPlans/ScreenshotsTestPlan.xctestplan">
         </TestPlanReference>
      </TestPlans>
      <Testables>
         <TestableReference
            skipped = "NO">
            <BuildableReference
               BuildableIdentifier = "primary"
               BlueprintIdentifier = "2F039DB72861E9CC005F9E22"
               BuildableName = "TestLocalisationProjectTests.xctest"
               BlueprintName = "TestLocalisationProjectTests"
               ReferencedContainer = "container:TestLocalisationProject.xcodeproj">
            </BuildableReference>
         </TestableReference>
         <TestableReference
            skipped = "NO">
            <BuildableReference
               BuildableIdentifier = "primary"
               BlueprintIdentifier = "2F039DC12861E9CC005F9E22"
               BuildableName = "TestLocalisationProjectUITests.xctest"
               BlueprintName = "TestLocalisationProjectUITests"
               ReferencedContainer = "container:TestLocalisationProject.xcodeproj">
            </BuildableReference>
         </TestableReference>
      </Testables>
   </TestAction>
   <LaunchAction
      buildConfiguration = "Debug"
      selectedDebuggerIdentifier = "Xcode.DebuggerFoundation.Debugger.LLDB"
      selectedLauncherIdentifier = "Xcode.DebuggerFoundation.Launcher.LLDB"
      language = "uk"
      launchStyle = "0"
      useCustomWorkingDirectory = "NO"
      ignoresPersistentStateOnLaunch = "NO"
      debugDocumentVersioning = "YES"
      debugServiceExtension = "internal"
      allowLocationSimulation = "YES">
      <BuildableProductRunnable
         runnableDebuggingMode = "0">
         <BuildableReference
            BuildableIdentifier = "primary"
            BlueprintIdentifier = "2F039DA12861E9CA005F9E22"
            BuildableName = "TestLocalisationProject.app"
            BlueprintName = "TestLocalisationProject"
            ReferencedContainer = "container:TestLocalisationProject.xcodeproj">
         </BuildableReference>
      </BuildableProductRunnable>
   </LaunchAction>
   <ProfileAction
      buildConfiguration = "Release"
      shouldUseLaunchSchemeArgsEnv = "YES"
      savedToolIdentifier = ""
      useCustomWorkingDirectory = "NO"
      debugDocumentVersioning = "YES">
      <BuildableProductRunnable
         runnableDebuggingMode = "0">
         <BuildableReference
            BuildableIdentifier = "primary"
            BlueprintIdentifier = "2F039DA12861E9CA005F9E22"
            BuildableName = "TestLocalisationProject.app"
            BlueprintName = "TestLocalisationProject"
            ReferencedContainer = "container:TestLocalisationProject.xcodeproj">
         </BuildableReference>
      </BuildableProductRunnable>
   </ProfileAction>
   <AnalyzeAction
      buildConfiguration = "Debug">
   </AnalyzeAction>
   <ArchiveAction
      buildConfiguration = "Release"
      revealArchiveInOrganizer = "YES">
   </ArchiveAction>
</Scheme>
